{
    "_readme": [
        "This file locks the dependencies of your project to a known state",
        "Read more about it at https://getcomposer.org/doc/01-basic-usage.md#composer-lock-the-lock-file",
        "This file is @generated automatically"
    ],
    "content-hash": "e249b02732b057e8e24ef3b92a2f7e08",
    "packages": [
        {
            "name": "fightbulc/moment",
            "version": "1.26.7",
            "source": {
                "type": "git",
                "url": "https://github.com/fightbulc/moment.php.git",
                "reference": "4f7d21fb3e35222def4f26599b2ea3af382c0a14"
            },
            "dist": {
                "type": "zip",
                "url": "https://api.github.com/repos/fightbulc/moment.php/zipball/4f7d21fb3e35222def4f26599b2ea3af382c0a14",
                "reference": "4f7d21fb3e35222def4f26599b2ea3af382c0a14",
                "shasum": ""
            },
            "require": {
                "php": ">=5.3.0"
            },
            "require-dev": {
                "phpunit/phpunit": "4.2.*"
            },
            "type": "library",
            "autoload": {
                "psr-4": {
                    "Moment\\": "src/"
                }
            },
            "notification-url": "https://packagist.org/downloads/",
            "license": [
                "MIT"
            ],
            "authors": [
                {
                    "name": "Ashish Tilara",
                    "email": "ashish@itcutives.com",
                    "role": "developer"
                },
                {
                    "name": "Jaroslaw Kozak",
                    "email": "jaroslaw.kozak68@gmail.com",
                    "role": "developer"
                },
                {
                    "name": "Tino Ehrich",
                    "email": "tino@bigpun.me",
                    "role": "developer"
                }
            ],
            "description": "Parse, validate, manipulate, and display dates in PHP w/ i18n support. Inspired by moment.js",
            "keywords": [
                "date",
                "display",
                "format",
                "i18n",
                "locale",
                "manipulate",
                "moment",
                "parse",
                "time",
                "translation",
                "validate"
            ],
            "time": "2017-07-11T17:51:37+00:00"
        },
        {
            "name": "poweronsystem/utility",
            "version": "dev-master",
            "source": {
                "type": "git",
                "url": "https://github.com/PowerOnSystem/Utility.git",
                "reference": "e659d17a6abf396ea7a56c326ab1962085684eb2"
            },
            "dist": {
                "type": "zip",
                "url": "https://api.github.com/repos/PowerOnSystem/Utility/zipball/e659d17a6abf396ea7a56c326ab1962085684eb2",
                "reference": "e659d17a6abf396ea7a56c326ab1962085684eb2",
                "shasum": ""
            },
            "require": {
                "php": ">=5.4"
            },
            "require-dev": {
                "kint-php/kint": "^2.1"
            },
            "type": "library",
            "autoload": {
                "psr-4": {
                    "PowerOn\\Utility\\": "src"
                }
            },
            "notification-url": "https://packagist.org/downloads/",
            "license": [
                "GPL"
            ],
            "authors": [
                {
                    "name": "Lucas Sosa",
                    "email": "sosalucas87@gmail.com",
                    "homepage": "http://www.poweronsistemas.com.ar",
                    "role": "Developer"
                }
            ],
            "description": "Utilities for php programmers.",
            "homepage": "https://github.com/poweronsystem/utility",
            "keywords": [
                "array hash",
                "inflector",
                "string formatter",
                "utilities"
            ],
            "time": "2017-07-07 18:50:23"
        }
    ],
    "packages-dev": [
        {
            "name": "kint-php/kint",
            "version": "2.1.2",
            "source": {
                "type": "git",
                "url": "https://github.com/kint-php/kint.git",
                "reference": "1a1104729f10277b06d7db742d3c98d1881d4d7e"
            },
            "dist": {
                "type": "zip",
                "url": "https://api.github.com/repos/kint-php/kint/zipball/1a1104729f10277b06d7db742d3c98d1881d4d7e",
                "reference": "1a1104729f10277b06d7db742d3c98d1881d4d7e",
                "shasum": ""
            },
            "require": {
                "php": ">=5.1.2"
            },
            "require-dev": {
                "friendsofphp/php-cs-fixer": "^2.0",
                "phpunit/phpunit": "^4.0",
                "symfony/finder": "^2.6"
            },
            "type": "library",
            "autoload": {
                "files": [
                    "init.php"
                ],
                "classmap": [
                    "src/"
                ]
            },
            "notification-url": "https://packagist.org/downloads/",
            "license": [
                "MIT"
            ],
            "authors": [
                {
                    "name": "Rokas Šleinius",
                    "homepage": "https://github.com/raveren"
                },
                {
                    "name": "Jonathan Vollebregt",
                    "homepage": "https://github.com/jnvsor"
                },
                {
                    "name": "Contributors",
                    "homepage": "https://github.com/kint-php/kint/graphs/contributors"
                }
            ],
            "description": "Kint - debugging tool for PHP developers",
            "homepage": "https://kint-php.github.io/kint/",
            "keywords": [
                "debug",
                "kint",
                "php"
            ],
            "time": "2017-07-03T20:08:05+00:00"
        }
    ],
    "aliases": [],
    "minimum-stability": "stable",
    "stability-flags": {
        "poweronsystem/utility": 20
    },
    "prefer-stable": false,
    "prefer-lowest": false,
    "platform": [],
    "platform-dev": []
}
